
Microsoft Visual Studio Solution File, Format Version 12.00
# Visual Studio Version 17
VisualStudioVersion = 17.14.37027.9
MinimumVisualStudioVersion = 10.0.40219.1
Project("{8BC9CEB8-8B4A-11D0-8D11-00A0C91BC942}") = "Project", "Project.vcxproj", "{21816757-23B8-4F76-8F55-36C8AA81EF93}"
EndProject
Project("{8BC9CEB8-8B4A-11D0-8D11-00A0C91BC942}") = "Class 1th (Stream)", "..\Class 1th (Stream)\Class 1th (Stream).vcxproj", "{75FEE92B-E567-40E1-B625-1D6A69845614}"
EndProject
Project("{8BC9CEB8-8B4A-11D0-8D11-00A0C91BC942}") = "Class 2th (Class)", "..\Class 2th (Class)\Class 2th (Class).vcxproj", "{7468ACAD-A37F-4CE7-AECA-40C5121C9EBF}"
EndProject
Global
	GlobalSection(SolutionConfigurationPlatforms) = preSolution
		Debug|x64 = Debug|x64
		Debug|x86 = Debug|x86
		Release|x64 = Release|x64
		Release|x86 = Release|x86
	EndGlobalSection
	GlobalSection(ProjectConfigurationPlatforms) = postSolution
		{21816757-23B8-4F76-8F55-36C8AA81EF93}.Debug|x64.ActiveCfg = Debug|x64
		{21816757-23B8-4F76-8F55-36C8AA81EF93}.Debug|x64.Build.0 = Debug|x64
		{21816757-23B8-4F76-8F55-36C8AA81EF93}.Debug|x86.ActiveCfg = Debug|Win32
		{21816757-23B8-4F76-8F55-36C8AA81EF93}.Debug|x86.Build.0 = Debug|Win32
		{21816757-23B8-4F76-8F55-36C8AA81EF93}.Release|x64.ActiveCfg = Release|x64
		{21816757-23B8-4F76-8F55-36C8AA81EF93}.Release|x64.Build.0 = Release|x64
		{21816757-23B8-4F76-8F55-36C8AA81EF93}.Release|x86.ActiveCfg = Release|Win32
		{21816757-23B8-4F76-8F55-36C8AA81EF93}.Release|x86.Build.0 = Release|Win32
		{75FEE92B-E567-40E1-B625-1D6A69845614}.Debug|x64.ActiveCfg = Debug|x64
		{75FEE92B-E567-40E1-B625-1D6A69845614}.Debug|x64.Build.0 = Debug|x64
		{75FEE92B-E567-40E1-B625-1D6A69845614}.Debug|x86.ActiveCfg = Debug|Win32
		{75FEE92B-E567-40E1-B625-1D6A69845614}.Debug|x86.Build.0 = Debug|Win32
		{75FEE92B-E567-40E1-B625-1D6A69845614}.Release|x64.ActiveCfg = Release|x64
		{75FEE92B-E567-40E1-B625-1D6A69845614}.Release|x64.Build.0 = Release|x64
		{75FEE92B-E567-40E1-B625-1D6A69845614}.Release|x86.ActiveCfg = Release|Win32
		{75FEE92B-E567-40E1-B625-1D6A69845614}.Release|x86.Build.0 = Release|Win32
		{7468ACAD-A37F-4CE7-AECA-40C5121C9EBF}.Debug|x64.ActiveCfg = Debug|x64
		{7468ACAD-A37F-4CE7-AECA-40C5121C9EBF}.Debug|x64.Build.0 = Debug|x64
		{7468ACAD-A37F-4CE7-AECA-40C5121C9EBF}.Debug|x86.ActiveCfg = Debug|Win32
		{7468ACAD-A37F-4CE7-AECA-40C5121C9EBF}.Debug|x86.Build.0 = Debug|Win32
		{7468ACAD-A37F-4CE7-AECA-40C5121C9EBF}.Release|x64.ActiveCfg = Release|x64
		{7468ACAD-A37F-4CE7-AECA-40C5121C9EBF}.Release|x64.Build.0 = Release|x64
		{7468ACAD-A37F-4CE7-AECA-40C5121C9EBF}.Release|x86.ActiveCfg = Release|Win32
		{7468ACAD-A37F-4CE7-AECA-40C5121C9EBF}.Release|x86.Build.0 = Release|Win32
	EndGlobalSection
	GlobalSection(SolutionProperties) = preSolution
		HideSolutionNode = FALSE
	EndGlobalSection
	GlobalSection(ExtensibilityGlobals) = postSolution
		SolutionGuid = {39A521C0-83A0-4F9E-BEF8-334D484893F5}
	EndGlobalSection
EndGlobal
